// !$*UTF8*$!
{
	archiveVersion = 1;
	classes = {
	};
	objectVersion = 56;
	objects = {

/* Begin PBXBuildFile section */
		0A42FAFD29EE55280031AB01 /* DjargonautApp.swift in Sources */ = {isa = PBXBuildFile; fileRef = 0A42FAFC29EE55280031AB01 /* DjargonautApp.swift */; };
		0A42FAFF29EE55280031AB01 /* ContentView.swift in Sources */ = {isa = PBXBuildFile; fileRef = 0A42FAFE29EE55280031AB01 /* ContentView.swift */; };
		0A42FB0129EE552A0031AB01 /* Assets.xcassets in Resources */ = {isa = PBXBuildFile; fileRef = 0A42FB0029EE552A0031AB01 /* Assets.xcassets */; };
		0A42FB0429EE552A0031AB01 /* Preview Assets.xcassets in Resources */ = {isa = PBXBuildFile; fileRef = 0A42FB0329EE552A0031AB01 /* Preview Assets.xcassets */; };
		0ACD838029F26A730031E9BD /* MultipeerInitView.swift in Sources */ = {isa = PBXBuildFile; fileRef = 0ACD837F29F26A730031E9BD /* MultipeerInitView.swift */; };
		0ACD838229F26C7E0031E9BD /* TextFieldView.swift in Sources */ = {isa = PBXBuildFile; fileRef = 0ACD838129F26C7E0031E9BD /* TextFieldView.swift */; };
		0ACD838429F26DE00031E9BD /* ButtonView.swift in Sources */ = {isa = PBXBuildFile; fileRef = 0ACD838329F26DE00031E9BD /* ButtonView.swift */; };
		81A4193029F10BEA00B645B8 /* SliderView.swift in Sources */ = {isa = PBXBuildFile; fileRef = 81A4192F29F10BEA00B645B8 /* SliderView.swift */; };
		A352E24829EE95FB0000C7D5 /* SearchResultView.swift in Sources */ = {isa = PBXBuildFile; fileRef = A352E24729EE95FB0000C7D5 /* SearchResultView.swift */; };
		A38487AE29EE859800DC25EF /* SearchPageView.swift in Sources */ = {isa = PBXBuildFile; fileRef = A38487AD29EE859800DC25EF /* SearchPageView.swift */; };
/* End PBXBuildFile section */

/* Begin PBXFileReference section */
		0A42FAF929EE55280031AB01 /* Djargonaut.app */ = {isa = PBXFileReference; explicitFileType = wrapper.application; includeInIndex = 0; path = Djargonaut.app; sourceTree = BUILT_PRODUCTS_DIR; };
		0A42FAFC29EE55280031AB01 /* DjargonautApp.swift */ = {isa = PBXFileReference; lastKnownFileType = sourcecode.swift; path = DjargonautApp.swift; sourceTree = "<group>"; };
		0A42FAFE29EE55280031AB01 /* ContentView.swift */ = {isa = PBXFileReference; lastKnownFileType = sourcecode.swift; path = ContentView.swift; sourceTree = "<group>"; };
		0A42FB0029EE552A0031AB01 /* Assets.xcassets */ = {isa = PBXFileReference; lastKnownFileType = folder.assetcatalog; path = Assets.xcassets; sourceTree = "<group>"; };
		0A42FB0329EE552A0031AB01 /* Preview Assets.xcassets */ = {isa = PBXFileReference; lastKnownFileType = folder.assetcatalog; path = "Preview Assets.xcassets"; sourceTree = "<group>"; };
		0ACD837F29F26A730031E9BD /* MultipeerInitView.swift */ = {isa = PBXFileReference; lastKnownFileType = sourcecode.swift; path = MultipeerInitView.swift; sourceTree = "<group>"; };
		0ACD838129F26C7E0031E9BD /* TextFieldView.swift */ = {isa = PBXFileReference; lastKnownFileType = sourcecode.swift; path = TextFieldView.swift; sourceTree = "<group>"; };
		0ACD838329F26DE00031E9BD /* ButtonView.swift */ = {isa = PBXFileReference; lastKnownFileType = sourcecode.swift; path = ButtonView.swift; sourceTree = "<group>"; };
		81A4192F29F10BEA00B645B8 /* SliderView.swift */ = {isa = PBXFileReference; lastKnownFileType = sourcecode.swift; path = SliderView.swift; sourceTree = "<group>"; };
		A352E24729EE95FB0000C7D5 /* SearchResultView.swift */ = {isa = PBXFileReference; lastKnownFileType = sourcecode.swift; path = SearchResultView.swift; sourceTree = "<group>"; };
		A38487AD29EE859800DC25EF /* SearchPageView.swift */ = {isa = PBXFileReference; lastKnownFileType = sourcecode.swift; path = SearchPageView.swift; sourceTree = "<group>"; };
/* End PBXFileReference section */

/* Begin PBXFrameworksBuildPhase section */
		0A42FAF629EE55280031AB01 /* Frameworks */ = {
			isa = PBXFrameworksBuildPhase;
			buildActionMask = 2147483647;
			files = (
			);
			runOnlyForDeploymentPostprocessing = 0;
		};
/* End PBXFrameworksBuildPhase section */

/* Begin PBXGroup section */
		0A42FAF029EE55280031AB01 = {
			isa = PBXGroup;
			children = (
				0A42FAFB29EE55280031AB01 /* Djargonaut */,
				0A42FAFA29EE55280031AB01 /* Products */,
			);
			sourceTree = "<group>";
		};
		0A42FAFA29EE55280031AB01 /* Products */ = {
			isa = PBXGroup;
			children = (
				0A42FAF929EE55280031AB01 /* Djargonaut.app */,
			);
			name = Products;
			sourceTree = "<group>";
		};
		0A42FAFB29EE55280031AB01 /* Djargonaut */ = {
			isa = PBXGroup;
			children = (
				0A42FB0C29EE55EC0031AB01 /* Features */,
				0A42FB0B29EE55E60031AB01 /* Core */,
				0A42FB0A29EE55C00031AB01 /* Application */,
				0A42FAFE29EE55280031AB01 /* ContentView.swift */,
				0A42FB0229EE552A0031AB01 /* Preview Content */,
			);
			path = Djargonaut;
			sourceTree = "<group>";
		};
		0A42FB0229EE552A0031AB01 /* Preview Content */ = {
			isa = PBXGroup;
			children = (
				0A42FB0329EE552A0031AB01 /* Preview Assets.xcassets */,
			);
			path = "Preview Content";
			sourceTree = "<group>";
		};
		0A42FB0A29EE55C00031AB01 /* Application */ = {
			isa = PBXGroup;
			children = (
				0A42FAFC29EE55280031AB01 /* DjargonautApp.swift */,
			);
			path = Application;
			sourceTree = "<group>";
		};
		0A42FB0B29EE55E60031AB01 /* Core */ = {
			isa = PBXGroup;
			children = (
				0A42FB1329EE564D0031AB01 /* Resources */,
			);
			path = Core;
			sourceTree = "<group>";
		};
		0A42FB0C29EE55EC0031AB01 /* Features */ = {
			isa = PBXGroup;
			children = (
				0A42FB0F29EE56210031AB01 /* Presenters */,
				0A42FB0E29EE56170031AB01 /* ViewModels */,
				0A42FB0D29EE56060031AB01 /* Models */,
			);
			path = Features;
			sourceTree = "<group>";
		};
		0A42FB0D29EE56060031AB01 /* Models */ = {
			isa = PBXGroup;
			children = (
			);
			path = Models;
			sourceTree = "<group>";
		};
		0A42FB0E29EE56170031AB01 /* ViewModels */ = {
			isa = PBXGroup;
			children = (
			);
			path = ViewModels;
			sourceTree = "<group>";
		};
		0A42FB0F29EE56210031AB01 /* Presenters */ = {
			isa = PBXGroup;
			children = (
				0A42FB1229EE563B0031AB01 /* Extensions */,
				0A42FB1129EE56340031AB01 /* Components */,
				0A42FB1029EE562E0031AB01 /* Views */,
			);
			path = Presenters;
			sourceTree = "<group>";
		};
		0A42FB1029EE562E0031AB01 /* Views */ = {
			isa = PBXGroup;
			children = (
				A38487AD29EE859800DC25EF /* SearchPageView.swift */,
				A352E24729EE95FB0000C7D5 /* SearchResultView.swift */,
				0ACD837F29F26A730031E9BD /* MultipeerInitView.swift */,
			);
			path = Views;
			sourceTree = "<group>";
		};
		0A42FB1129EE56340031AB01 /* Components */ = {
			isa = PBXGroup;
			children = (
				81A4192F29F10BEA00B645B8 /* SliderView.swift */,
				0ACD838129F26C7E0031E9BD /* TextFieldView.swift */,
				0ACD838329F26DE00031E9BD /* ButtonView.swift */,
			);
			path = Components;
			sourceTree = "<group>";
		};
		0A42FB1229EE563B0031AB01 /* Extensions */ = {
			isa = PBXGroup;
			children = (
			);
			path = Extensions;
			sourceTree = "<group>";
		};
		0A42FB1329EE564D0031AB01 /* Resources */ = {
			isa = PBXGroup;
			children = (
				0A42FB0029EE552A0031AB01 /* Assets.xcassets */,
			);
			path = Resources;
			sourceTree = "<group>";
		};
/* End PBXGroup section */

/* Begin PBXNativeTarget section */
		0A42FAF829EE55280031AB01 /* Djargonaut */ = {
			isa = PBXNativeTarget;
			buildConfigurationList = 0A42FB0729EE552A0031AB01 /* Build configuration list for PBXNativeTarget "Djargonaut" */;
			buildPhases = (
				0A42FAF529EE55280031AB01 /* Sources */,
				0A42FAF629EE55280031AB01 /* Frameworks */,
				0A42FAF729EE55280031AB01 /* Resources */,
			);
			buildRules = (
			);
			dependencies = (
			);
			name = Djargonaut;
			productName = Djargonaut;
			productReference = 0A42FAF929EE55280031AB01 /* Djargonaut.app */;
			productType = "com.apple.product-type.application";
		};
/* End PBXNativeTarget section */

/* Begin PBXProject section */
		0A42FAF129EE55280031AB01 /* Project object */ = {
			isa = PBXProject;
			attributes = {
				BuildIndependentTargetsInParallel = 1;
				LastSwiftUpdateCheck = 1420;
				LastUpgradeCheck = 1420;
				TargetAttributes = {
					0A42FAF829EE55280031AB01 = {
						CreatedOnToolsVersion = 14.2;
					};
				};
			};
			buildConfigurationList = 0A42FAF429EE55280031AB01 /* Build configuration list for PBXProject "Djargonaut" */;
			compatibilityVersion = "Xcode 14.0";
			developmentRegion = en;
			hasScannedForEncodings = 0;
			knownRegions = (
				en,
				Base,
			);
			mainGroup = 0A42FAF029EE55280031AB01;
			productRefGroup = 0A42FAFA29EE55280031AB01 /* Products */;
			projectDirPath = "";
			projectRoot = "";
			targets = (
				0A42FAF829EE55280031AB01 /* Djargonaut */,
			);
		};
/* End PBXProject section */

/* Begin PBXResourcesBuildPhase section */
		0A42FAF729EE55280031AB01 /* Resources */ = {
			isa = PBXResourcesBuildPhase;
			buildActionMask = 2147483647;
			files = (
				0A42FB0429EE552A0031AB01 /* Preview Assets.xcassets in Resources */,
				0A42FB0129EE552A0031AB01 /* Assets.xcassets in Resources */,
			);
			runOnlyForDeploymentPostprocessing = 0;
		};
/* End PBXResourcesBuildPhase section */

/* Begin PBXSourcesBuildPhase section */
		0A42FAF529EE55280031AB01 /* Sources */ = {
			isa = PBXSourcesBuildPhase;
			buildActionMask = 2147483647;
			files = (
				0A42FAFF29EE55280031AB01 /* ContentView.swift in Sources */,
				0ACD838229F26C7E0031E9BD /* TextFieldView.swift in Sources */,
				0ACD838429F26DE00031E9BD /* ButtonView.swift in Sources */,
				A352E24829EE95FB0000C7D5 /* SearchResultView.swift in Sources */,
				0A42FAFD29EE55280031AB01 /* DjargonautApp.swift in Sources */,
				A38487AE29EE859800DC25EF /* SearchPageView.swift in Sources */,
				0ACD838029F26A730031E9BD /* MultipeerInitView.swift in Sources */,
				81A4193029F10BEA00B645B8 /* SliderView.swift in Sources */,
			);
			runOnlyForDeploymentPostprocessing = 0;
		};
/* End PBXSourcesBuildPhase section */

/* Begin XCBuildConfiguration section */
		0A42FB0529EE552A0031AB01 /* Debug */ = {
			isa = XCBuildConfiguration;
			buildSettings = {
				ALWAYS_SEARCH_USER_PATHS = NO;
				CLANG_ANALYZER_NONNULL = YES;
				CLANG_ANALYZER_NUMBER_OBJECT_CONVERSION = YES_AGGRESSIVE;
				CLANG_CXX_LANGUAGE_STANDARD = "gnu++20";
				CLANG_ENABLE_MODULES = YES;
				CLANG_ENABLE_OBJC_ARC = YES;
				CLANG_ENABLE_OBJC_WEAK = YES;
				CLANG_WARN_BLOCK_CAPTURE_AUTORELEASING = YES;
				CLANG_WARN_BOOL_CONVERSION = YES;
				CLANG_WARN_COMMA = YES;
				CLANG_WARN_CONSTANT_CONVERSION = YES;
				CLANG_WARN_DEPRECATED_OBJC_IMPLEMENTATIONS = YES;
				CLANG_WARN_DIRECT_OBJC_ISA_USAGE = YES_ERROR;
				CLANG_WARN_DOCUMENTATION_COMMENTS = YES;
				CLANG_WARN_EMPTY_BODY = YES;
				CLANG_WARN_ENUM_CONVERSION = YES;
				CLANG_WARN_INFINITE_RECURSION = YES;
				CLANG_WARN_INT_CONVERSION = YES;
				CLANG_WARN_NON_LITERAL_NULL_CONVERSION = YES;
				CLANG_WARN_OBJC_IMPLICIT_RETAIN_SELF = YES;
				CLANG_WARN_OBJC_LITERAL_CONVERSION = YES;
				CLANG_WARN_OBJC_ROOT_CLASS = YES_ERROR;
				CLANG_WARN_QUOTED_INCLUDE_IN_FRAMEWORK_HEADER = YES;
				CLANG_WARN_RANGE_LOOP_ANALYSIS = YES;
				CLANG_WARN_STRICT_PROTOTYPES = YES;
				CLANG_WARN_SUSPICIOUS_MOVE = YES;
				CLANG_WARN_UNGUARDED_AVAILABILITY = YES_AGGRESSIVE;
				CLANG_WARN_UNREACHABLE_CODE = YES;
				CLANG_WARN__DUPLICATE_METHOD_MATCH = YES;
				COPY_PHASE_STRIP = NO;
				DEBUG_INFORMATION_FORMAT = dwarf;
				ENABLE_STRICT_OBJC_MSGSEND = YES;
				ENABLE_TESTABILITY = YES;
				GCC_C_LANGUAGE_STANDARD = gnu11;
				GCC_DYNAMIC_NO_PIC = NO;
				GCC_NO_COMMON_BLOCKS = YES;
				GCC_OPTIMIZATION_LEVEL = 0;
				GCC_PREPROCESSOR_DEFINITIONS = (
					"DEBUG=1",
					"$(inherited)",
				);
				GCC_WARN_64_TO_32_BIT_CONVERSION = YES;
				GCC_WARN_ABOUT_RETURN_TYPE = YES_ERROR;
				GCC_WARN_UNDECLARED_SELECTOR = YES;
				GCC_WARN_UNINITIALIZED_AUTOS = YES_AGGRESSIVE;
				GCC_WARN_UNUSED_FUNCTION = YES;
				GCC_WARN_UNUSED_VARIABLE = YES;
				IPHONEOS_DEPLOYMENT_TARGET = 16.2;
				MTL_ENABLE_DEBUG_INFO = INCLUDE_SOURCE;
				MTL_FAST_MATH = YES;
				ONLY_ACTIVE_ARCH = YES;
				SDKROOT = iphoneos;
				SWIFT_ACTIVE_COMPILATION_CONDITIONS = DEBUG;
				SWIFT_OPTIMIZATION_LEVEL = "-Onone";
			};
			name = Debug;
		};
		0A42FB0629EE552A0031AB01 /* Release */ = {
			isa = XCBuildConfiguration;
			buildSettings = {
				ALWAYS_SEARCH_USER_PATHS = NO;
				CLANG_ANALYZER_NONNULL = YES;
				CLANG_ANALYZER_NUMBER_OBJECT_CONVERSION = YES_AGGRESSIVE;
				CLANG_CXX_LANGUAGE_STANDARD = "gnu++20";
				CLANG_ENABLE_MODULES = YES;
				CLANG_ENABLE_OBJC_ARC = YES;
				CLANG_ENABLE_OBJC_WEAK = YES;
				CLANG_WARN_BLOCK_CAPTURE_AUTORELEASING = YES;
				CLANG_WARN_BOOL_CONVERSION = YES;
				CLANG_WARN_COMMA = YES;
				CLANG_WARN_CONSTANT_CONVERSION = YES;
				CLANG_WARN_DEPRECATED_OBJC_IMPLEMENTATIONS = YES;
				CLANG_WARN_DIRECT_OBJC_ISA_USAGE = YES_ERROR;
				CLANG_WARN_DOCUMENTATION_COMMENTS = YES;
				CLANG_WARN_EMPTY_BODY = YES;
				CLANG_WARN_ENUM_CONVERSION = YES;
				CLANG_WARN_INFINITE_RECURSION = YES;
				CLANG_WARN_INT_CONVERSION = YES;
				CLANG_WARN_NON_LITERAL_NULL_CONVERSION = YES;
				CLANG_WARN_OBJC_IMPLICIT_RETAIN_SELF = YES;
				CLANG_WARN_OBJC_LITERAL_CONVERSION = YES;
				CLANG_WARN_OBJC_ROOT_CLASS = YES_ERROR;
				CLANG_WARN_QUOTED_INCLUDE_IN_FRAMEWORK_HEADER = YES;
				CLANG_WARN_RANGE_LOOP_ANALYSIS = YES;
				CLANG_WARN_STRICT_PROTOTYPES = YES;
				CLANG_WARN_SUSPICIOUS_MOVE = YES;
				CLANG_WARN_UNGUARDED_AVAILABILITY = YES_AGGRESSIVE;
				CLANG_WARN_UNREACHABLE_CODE = YES;
				CLANG_WARN__DUPLICATE_METHOD_MATCH = YES;
				COPY_PHASE_STRIP = NO;
				DEBUG_INFORMATION_FORMAT = "dwarf-with-dsym";
				ENABLE_NS_ASSERTIONS = NO;
				ENABLE_STRICT_OBJC_MSGSEND = YES;
				GCC_C_LANGUAGE_STANDARD = gnu11;
				GCC_NO_COMMON_BLOCKS = YES;
				GCC_WARN_64_TO_32_BIT_CONVERSION = YES;
				GCC_WARN_ABOUT_RETURN_TYPE = YES_ERROR;
				GCC_WARN_UNDECLARED_SELECTOR = YES;
				GCC_WARN_UNINITIALIZED_AUTOS = YES_AGGRESSIVE;
				GCC_WARN_UNUSED_FUNCTION = YES;
				GCC_WARN_UNUSED_VARIABLE = YES;
				IPHONEOS_DEPLOYMENT_TARGET = 16.2;
				MTL_ENABLE_DEBUG_INFO = NO;
				MTL_FAST_MATH = YES;
				SDKROOT = iphoneos;
				SWIFT_COMPILATION_MODE = wholemodule;
				SWIFT_OPTIMIZATION_LEVEL = "-O";
				VALIDATE_PRODUCT = YES;
			};
			name = Release;
		};
		0A42FB0829EE552A0031AB01 /* Debug */ = {
			isa = XCBuildConfiguration;
			buildSettings = {
				ASSETCATALOG_COMPILER_APPICON_NAME = AppIcon;
				ASSETCATALOG_COMPILER_GLOBAL_ACCENT_COLOR_NAME = AccentColor;
				CODE_SIGN_STYLE = Automatic;
				CURRENT_PROJECT_VERSION = 1;
				DEVELOPMENT_ASSET_PATHS = "\"Djargonaut/Preview Content\"";
				DEVELOPMENT_TEAM = 9F7W272RND;
				ENABLE_PREVIEWS = YES;
				GENERATE_INFOPLIST_FILE = YES;
				INFOPLIST_KEY_UIApplicationSceneManifest_Generation = YES;
				INFOPLIST_KEY_UIApplicationSupportsIndirectInputEvents = YES;
				INFOPLIST_KEY_UILaunchScreen_Generation = YES;
				INFOPLIST_KEY_UISupportedInterfaceOrientations_iPad = "UIInterfaceOrientationPortrait UIInterfaceOrientationPortraitUpsideDown UIInterfaceOrientationLandscapeLeft UIInterfaceOrientationLandscapeRight";
				INFOPLIST_KEY_UISupportedInterfaceOrientations_iPhone = "UIInterfaceOrientationPortrait UIInterfaceOrientationLandscapeLeft UIInterfaceOrientationLandscapeRight";
				LD_RUNPATH_SEARCH_PATHS = (
					"$(inherited)",
					"@executable_path/Frameworks",
				);
				MARKETING_VERSION = 1.0;
				PRODUCT_BUNDLE_IDENTIFIER = bjnpts.Djargonaut;
				PRODUCT_NAME = "$(TARGET_NAME)";
				SWIFT_EMIT_LOC_STRINGS = YES;
				SWIFT_VERSION = 5.0;
				TARGETED_DEVICE_FAMILY = "1,2";
			};
			name = Debug;
		};
		0A42FB0929EE552A0031AB01 /* Release */ = {
			isa = XCBuildConfiguration;
			buildSettings = {
				ASSETCATALOG_COMPILER_APPICON_NAME = AppIcon;
				ASSETCATALOG_COMPILER_GLOBAL_ACCENT_COLOR_NAME = AccentColor;
				CODE_SIGN_STYLE = Automatic;
				CURRENT_PROJECT_VERSION = 1;
				DEVELOPMENT_ASSET_PATHS = "\"Djargonaut/Preview Content\"";
				DEVELOPMENT_TEAM = 9F7W272RND;
				ENABLE_PREVIEWS = YES;
				GENERATE_INFOPLIST_FILE = YES;
				INFOPLIST_KEY_UIApplicationSceneManifest_Generation = YES;
				INFOPLIST_KEY_UIApplicationSupportsIndirectInputEvents = YES;
				INFOPLIST_KEY_UILaunchScreen_Generation = YES;
				INFOPLIST_KEY_UISupportedInterfaceOrientations_iPad = "UIInterfaceOrientationPortrait UIInterfaceOrientationPortraitUpsideDown UIInterfaceOrientationLandscapeLeft UIInterfaceOrientationLandscapeRight";
				INFOPLIST_KEY_UISupportedInterfaceOrientations_iPhone = "UIInterfaceOrientationPortrait UIInterfaceOrientationLandscapeLeft UIInterfaceOrientationLandscapeRight";
				LD_RUNPATH_SEARCH_PATHS = (
					"$(inherited)",
					"@executable_path/Frameworks",
				);
				MARKETING_VERSION = 1.0;
				PRODUCT_BUNDLE_IDENTIFIER = bjnpts.Djargonaut;
				PRODUCT_NAME = "$(TARGET_NAME)";
				SWIFT_EMIT_LOC_STRINGS = YES;
				SWIFT_VERSION = 5.0;
				TARGETED_DEVICE_FAMILY = "1,2";
			};
			name = Release;
		};
/* End XCBuildConfiguration section */

/* Begin XCConfigurationList section */
		0A42FAF429EE55280031AB01 /* Build configuration list for PBXProject "Djargonaut" */ = {
			isa = XCConfigurationList;
			buildConfigurations = (
				0A42FB0529EE552A0031AB01 /* Debug */,
				0A42FB0629EE552A0031AB01 /* Release */,
			);
			defaultConfigurationIsVisible = 0;
			defaultConfigurationName = Release;
		};
		0A42FB0729EE552A0031AB01 /* Build configuration list for PBXNativeTarget "Djargonaut" */ = {
			isa = XCConfigurationList;
			buildConfigurations = (
				0A42FB0829EE552A0031AB01 /* Debug */,
				0A42FB0929EE552A0031AB01 /* Release */,
			);
			defaultConfigurationIsVisible = 0;
			defaultConfigurationName = Release;
		};
/* End XCConfigurationList section */
	};
	rootObject = 0A42FAF129EE55280031AB01 /* Project object */;
}
